
Microsoft Visual Studio Solution File, Format Version 12.00
# Visual Studio Version 17
VisualStudioVersion = 17.0.32014.148
MinimumVisualStudioVersion = 10.0.40219.1
Project("{9A19103F-16F7-4668-BE54-9A1E7A4F7556}") = "RainyFetch", "RainyFetch.csproj", "{3BEB4752-F5F9-4234-A27A-51A1AA1DDCEA}"
EndProject
Global
	GlobalSection(SolutionConfigurationPlatforms) = preSolution
		Debug|Any CPU = Debug|Any CPU
		Release|Any CPU = Release|Any CPU
	EndGlobalSection
	GlobalSection(ProjectConfigurationPlatforms) = postSolution
		{3BEB4752-F5F9-4234-A27A-51A1AA1DDCEA}.Debug|Any CPU.ActiveCfg = Debug|Any CPU
		{3BEB4752-F5F9-4234-A27A-51A1AA1DDCEA}.Debug|Any CPU.Build.0 = Debug|Any CPU
		{3BEB4752-F5F9-4234-A27A-51A1AA1DDCEA}.Release|Any CPU.ActiveCfg = Release|Any CPU
		{3BEB4752-F5F9-4234-A27A-51A1AA1DDCEA}.Release|Any CPU.Build.0 = Release|Any CPU
	EndGlobalSection
	GlobalSection(SolutionProperties) = preSolution
		HideSolutionNode = FALSE
	EndGlobalSection
	GlobalSection(ExtensibilityGlobals) = postSolution
		SolutionGuid = {0AB84452-AC2A-4C80-B635-7E045002B009}
	EndGlobalSection
EndGlobal
