
Microsoft Visual Studio Solution File, Format Version 12.00
# Visual Studio Version 17
VisualStudioVersion = 17.9.34622.214
MinimumVisualStudioVersion = 10.0.40219.1
Project("{FAE04EC0-301F-11D3-BF4B-00C04F79EFBC}") = "RainyFetch", "RainyFetch.csproj", "{1DEE43AA-CD97-4482-B8CB-BDF7577533FD}"
EndProject
Global
	GlobalSection(SolutionConfigurationPlatforms) = preSolution
		Debug|Any CPU = Debug|Any CPU
		Release|Any CPU = Release|Any CPU
	EndGlobalSection
	GlobalSection(ProjectConfigurationPlatforms) = postSolution
		{1DEE43AA-CD97-4482-B8CB-BDF7577533FD}.Debug|Any CPU.ActiveCfg = Debug|Any CPU
		{1DEE43AA-CD97-4482-B8CB-BDF7577533FD}.Debug|Any CPU.Build.0 = Debug|Any CPU
		{1DEE43AA-CD97-4482-B8CB-BDF7577533FD}.Release|Any CPU.ActiveCfg = Release|Any CPU
		{1DEE43AA-CD97-4482-B8CB-BDF7577533FD}.Release|Any CPU.Build.0 = Release|Any CPU
	EndGlobalSection
	GlobalSection(SolutionProperties) = preSolution
		HideSolutionNode = FALSE
	EndGlobalSection
	GlobalSection(ExtensibilityGlobals) = postSolution
		SolutionGuid = {0CA8B830-2CAE-4405-8205-DE12C122DABB}
	EndGlobalSection
EndGlobal
